lockfileVersion: '6.0'

dependencies:
  console-table-printer:
    specifier: ^2.11.1
    version: 2.11.1
  figlet:
    specifier: ^1.6.0
    version: 1.6.0
  readline-sync:
    specifier: ^1.4.10
    version: 1.4.10

packages:

  /console-table-printer@2.11.1:
    resolution: {integrity: sha512-8LfFpbF/BczoxPwo2oltto5bph8bJkGOATXsg3E9ddMJOGnWJciKHldx2zDj5XIBflaKzPfVCjOTl6tMh7lErg==}
    dependencies:
      simple-wcswidth: 1.0.1
    dev: false

  /figlet@1.6.0:
    resolution: {integrity: sha512-31EQGhCEITv6+hi2ORRPyn3bulaV9Fl4xOdR169cBzH/n1UqcxsiSB/noo6SJdD7Kfb1Ljit+IgR1USvF/XbdA==}
    engines: {node: '>= 0.4.0'}
    hasBin: true
    dev: false

  /readline-sync@1.4.10:
    resolution: {integrity: sha512-gNva8/6UAe8QYepIQH/jQ2qn91Qj0B9sYjMBBs3QOB8F2CXcKgLxQaJRP76sWVRQt+QU+8fAkCbCvjjMFu7Ycw==}
    engines: {node: '>= 0.8.0'}
    dev: false

  /simple-wcswidth@1.0.1:
    resolution: {integrity: sha512-xMO/8eNREtaROt7tJvWJqHBDTMFN4eiQ5I4JRMuilwfnFcV5W9u7RUkueNkdw0jPqGMX36iCywelS5yilTuOxg==}
    dev: false
